<?xml version="1.0" encoding="utf-8"?>
<Project ToolsVersion="4.0" xmlns="http://schemas.microsoft.com/developer/msbuild/2003">
  <ItemGroup>
    <Filter Include="engine">
      <UniqueIdentifier>{a1000000-0000-0000-0000-000000000001}</UniqueIdentifier>
    </Filter>
    <Filter Include="engine\source">
      <UniqueIdentifier>{a1000000-0000-0000-0000-0000000000d0}</UniqueIdentifier>
    </Filter>
    <Filter Include="engine\source\Game">
      <UniqueIdentifier>{a1000000-0000-0000-0000-000000000002}</UniqueIdentifier>
    </Filter>
    <Filter Include="engine\source\Game\include">
      <UniqueIdentifier>{a1000000-0000-0000-0000-000000000021}</UniqueIdentifier>
    </Filter>
    <Filter Include="engine\source\Game\src">
      <UniqueIdentifier>{a1000000-0000-0000-0000-000000000022}</UniqueIdentifier>
    </Filter>
    <Filter Include="engine\source\PlatformApi">
      <UniqueIdentifier>{a1000000-0000-0000-0000-0000000000c0}</UniqueIdentifier>
    </Filter>
    <Filter Include="engine\source\Assets">
      <UniqueIdentifier>{a1000000-0000-0000-0000-0000000000e1}</UniqueIdentifier>
    </Filter>
    <Filter Include="engine\source\Physics">
      <UniqueIdentifier>{a1000000-0000-0000-0000-0000000000e0}</UniqueIdentifier>
    </Filter>
    <Filter Include="engine\source\Graphics">
      <UniqueIdentifier>{a1000000-0000-0000-0000-000000000003}</UniqueIdentifier>
    </Filter>
    <Filter Include="engine\source\Graphics\Vulkan">
      <UniqueIdentifier>{a1000000-0000-0000-0000-000000000004}</UniqueIdentifier>
    </Filter>
    <Filter Include="engine\source\Graphics\Vulkan\shaders">
      <UniqueIdentifier>{a1000000-0000-0000-0000-000000000005}</UniqueIdentifier>
    </Filter>
    <Filter Include="engine\source\Graphics\Vulkan\shaders\compute">
      <UniqueIdentifier>{a1000000-0000-0000-0000-000000000015}</UniqueIdentifier>
    </Filter>
    <Filter Include="shared">
      <UniqueIdentifier>{a1000000-0000-0000-0000-000000000006}</UniqueIdentifier>
    </Filter>
    <Filter Include="engine\source\Platform">
      <UniqueIdentifier>{a1000000-0000-0000-0000-000000000070}</UniqueIdentifier>
    </Filter>
    <Filter Include="engine\source\Platform\win32">
      <UniqueIdentifier>{a1000000-0000-0000-0000-000000000007}</UniqueIdentifier>
    </Filter>
    <Filter Include="engine\source\Platform\win32\src">
      <UniqueIdentifier>{a1000000-0000-0000-0000-000000000009}</UniqueIdentifier>
    </Filter>
    <Filter Include="EngaAsset">
      <UniqueIdentifier>{a1000000-0000-0000-0000-0000000000b4}</UniqueIdentifier>
    </Filter>
  </ItemGroup>
  <ItemGroup>
    <ClCompile Include="..\engine\source\Game\src\Game.cpp">
      <Filter>engine\source\Game\src</Filter>
    </ClCompile>
    <ClCompile Include="..\engine\source\Platform\win32\Program.cpp">
      <Filter>engine\source\Platform\win32</Filter>
    </ClCompile>
  </ItemGroup>
  <ItemGroup>
    <ClInclude Include="..\engine\source\Graphics\Vulkan\VulkanRenderer.cpp">
      <Filter>engine\source\Graphics\Vulkan</Filter>
    </ClInclude>
    <ClInclude Include="..\engine\source\Graphics\Vulkan\VulkanCore.cpp">
      <Filter>engine\source\Graphics\Vulkan</Filter>
    </ClInclude>
    <ClInclude Include="..\engine\source\Graphics\Vulkan\VulkanDevice.cpp">
      <Filter>engine\source\Graphics\Vulkan</Filter>
    </ClInclude>
    <ClInclude Include="..\engine\source\Graphics\Vulkan\VulkanResources.cpp">
      <Filter>engine\source\Graphics\Vulkan</Filter>
    </ClInclude>
    <ClInclude Include="..\engine\source\Graphics\Vulkan\VulkanPasses.cpp">
      <Filter>engine\source\Graphics\Vulkan</Filter>
    </ClInclude>
    <ClInclude Include="..\engine\source\Graphics\Vulkan\VulkanPipeline.cpp">
      <Filter>engine\source\Graphics\Vulkan</Filter>
    </ClInclude>
    <ClInclude Include="..\engine\source\Graphics\Vulkan\VulkanFrame.cpp">
      <Filter>engine\source\Graphics\Vulkan</Filter>
    </ClInclude>
    <ClInclude Include="..\engine\source\Platform\win32\src\Win32FileIO.cpp">
      <Filter>engine\source\Platform\win32\src</Filter>
    </ClInclude>
    <ClInclude Include="..\engine\source\Platform\win32\src\Win32GameCode.cpp">
      <Filter>engine\source\Platform\win32\src</Filter>
    </ClInclude>
    <ClInclude Include="..\engine\source\Platform\win32\src\Win32GDI.cpp">
      <Filter>engine\source\Platform\win32\src</Filter>
    </ClInclude>
    <ClInclude Include="..\engine\source\Platform\win32\src\Win32Input.cpp">
      <Filter>engine\source\Platform\win32\src</Filter>
    </ClInclude>
    <ClInclude Include="..\engine\source\Platform\win32\src\Win32Memory.cpp">
      <Filter>engine\source\Platform\win32\src</Filter>
    </ClInclude>
    <ClInclude Include="..\engine\source\Platform\win32\src\Win32Replay.cpp">
      <Filter>engine\source\Platform\win32\src</Filter>
    </ClInclude>
    <ClInclude Include="..\engine\source\Platform\win32\src\Win32Sound.cpp">
      <Filter>engine\source\Platform\win32\src</Filter>
    </ClInclude>
    <ClInclude Include="..\engine\source\Platform\win32\src\Win32Timer.cpp">
      <Filter>engine\source\Platform\win32\src</Filter>
    </ClInclude>
    <ClInclude Include="..\engine\source\Platform\win32\src\Win32Window.cpp">
      <Filter>engine\source\Platform\win32\src</Filter>
    </ClInclude>
    <ClInclude Include="..\engine\source\Assets\AssetStore.cpp">
      <Filter>engine\source\Assets</Filter>
    </ClInclude>
    <ClInclude Include="..\engine\source\Game\src\Camera.cpp">
      <Filter>engine\source\Game\src</Filter>
    </ClInclude>
    <ClInclude Include="..\engine\source\Game\src\World.cpp">
      <Filter>engine\source\Game\src</Filter>
    </ClInclude>
    <ClInclude Include="..\engine\source\Game\src\Entity.cpp">
      <Filter>engine\source\Game\src</Filter>
    </ClInclude>
    <ClInclude Include="..\engine\source\Game\src\SimRegion.cpp">
      <Filter>engine\source\Game\src</Filter>
    </ClInclude>
    <ClInclude Include="..\engine\source\Game\src\Material.cpp">
      <Filter>engine\source\Game\src</Filter>
    </ClInclude>
    <ClInclude Include="..\engine\source\Game\src\Input.cpp">
      <Filter>engine\source\Game\src</Filter>
    </ClInclude>
    <ClInclude Include="..\engine\source\Game\src\UI.cpp">
      <Filter>engine\source\Game\src</Filter>
    </ClInclude>
    <ClInclude Include="..\engine\source\Game\src\Gizmo.cpp">
      <Filter>engine\source\Game\src</Filter>
    </ClInclude>
    <ClInclude Include="..\engine\source\Game\src\Text.cpp">
      <Filter>engine\source\Game\src</Filter>
    </ClInclude>
    <ClInclude Include="..\engine\source\Game\include\Game.h">
      <Filter>engine\source\Game\include</Filter>
    </ClInclude>
    <ClInclude Include="..\engine\source\Game\include\GameState.h">
      <Filter>engine\source\Game\include</Filter>
    </ClInclude>
    <ClInclude Include="..\engine\source\Game\include\Input.h">
      <Filter>engine\source\Game\include</Filter>
    </ClInclude>
    <ClInclude Include="..\engine\source\PlatformApi\PlatformAPI.h">
      <Filter>engine\source\PlatformApi</Filter>
    </ClInclude>
    <ClInclude Include="..\engine\source\PlatformApi\RenderCommands.h">
      <Filter>engine\source\PlatformApi</Filter>
    </ClInclude>
    <ClInclude Include="..\engine\source\Graphics\Vulkan\Vulkan.h">
      <Filter>engine\source\Graphics\Vulkan</Filter>
    </ClInclude>
    <ClInclude Include="..\engine\source\Graphics\Vulkan\VulkanRender.h">
      <Filter>engine\source\Graphics\Vulkan</Filter>
    </ClInclude>
    <ClInclude Include="..\engine\source\Graphics\Vulkan\shaders\ShaderInterop.h">
      <Filter>engine\source\Graphics\Vulkan\shaders</Filter>
    </ClInclude>
    <ClInclude Include="..\shared\EngaFormat.h">
      <Filter>shared</Filter>
    </ClInclude>
    <ClInclude Include="..\engine\source\Physics\Physics.cpp">
      <Filter>engine\source\Physics</Filter>
    </ClInclude>
    <ClInclude Include="..\engine\source\Physics\Shapes.cpp">
      <Filter>engine\source\Physics</Filter>
    </ClInclude>
    <ClInclude Include="..\engine\source\Physics\Broadphase.cpp">
      <Filter>engine\source\Physics</Filter>
    </ClInclude>
    <ClInclude Include="..\engine\source\Physics\Raycast.cpp">
      <Filter>engine\source\Physics</Filter>
    </ClInclude>
    <ClInclude Include="..\engine\source\Physics\Collider.h">
      <Filter>engine\source\Physics</Filter>
    </ClInclude>
    <ClInclude Include="..\shared\EngineMath.h">
      <Filter>shared</Filter>
    </ClInclude>
    <ClInclude Include="..\shared\Win32FileIO.h">
      <Filter>shared</Filter>
    </ClInclude>
    <ClInclude Include="..\shared\Intrinsics.h">
      <Filter>shared</Filter>
    </ClInclude>
    <ClInclude Include="..\shared\Memory.h">
      <Filter>shared</Filter>
    </ClInclude>
    <ClInclude Include="..\shared\Strings.h">
      <Filter>shared</Filter>
    </ClInclude>
    <ClInclude Include="..\shared\Types.h">
      <Filter>shared</Filter>
    </ClInclude>
  </ItemGroup>
  <ItemGroup>
    <None Include="..\engine\source\Graphics\Vulkan\shaders\unlit.hlsl">
      <Filter>engine\source\Graphics\Vulkan\shaders</Filter>
    </None>
    <None Include="..\engine\source\Graphics\Vulkan\shaders\lit.hlsl">
      <Filter>engine\source\Graphics\Vulkan\shaders</Filter>
    </None>
    <None Include="..\engine\source\Graphics\Vulkan\shaders\skybox.hlsl">
      <Filter>engine\source\Graphics\Vulkan\shaders</Filter>
    </None>
    <None Include="..\engine\source\Graphics\Vulkan\shaders\post.hlsl">
      <Filter>engine\source\Graphics\Vulkan\shaders</Filter>
    </None>
    <None Include="..\engine\source\Graphics\Vulkan\shaders\UI.hlsl">
      <Filter>engine\source\Graphics\Vulkan\shaders</Filter>
    </None>
    <None Include="..\engine\source\Graphics\Vulkan\shaders\uirect.hlsl">
      <Filter>engine\source\Graphics\Vulkan\shaders</Filter>
    </None>
    <None Include="..\engine\source\Graphics\Vulkan\shaders\volumeview.hlsl">
      <Filter>engine\source\Graphics\Vulkan\shaders</Filter>
    </None>
    <None Include="..\engine\source\Graphics\Vulkan\shaders\compute\voxelclear.hlsl">
      <Filter>engine\source\Graphics\Vulkan\shaders\compute</Filter>
    </None>
    <None Include="..\engine\source\Graphics\Vulkan\shaders\compute\voxelize.hlsl">
      <Filter>engine\source\Graphics\Vulkan\shaders\compute</Filter>
    </None>
    <None Include="..\EngaAsset\assets.enga">
      <Filter>EngaAsset</Filter>
    </None>
    <None Include="..\build.bat" />
  </ItemGroup>
</Project>